{
  "name": "resolume-probe",
  "version": "0.0.1",
  "lockfileVersion": 3,
  "requires": true,
  "packages": {
    "": {
      "name": "resolume-probe",
      "version": "0.0.1",
      "dependencies": {
        "node-osc": "^9.1.4"
      }
    },
    "node_modules/binpack": {
      "version": "0.1.0",
      "resolved": "https://registry.npmjs.org/binpack/-/binpack-0.1.0.tgz",
      "integrity": "sha512-KcSrsGiIKgklTWweVb9XnZPWO1/rGSsK3fwR7VnbDPbLKPlkvSKd/ZrJ1W712r6HzH5u0fa/AZCftATO09x8Aw=="
    },
    "node_modules/node-osc": {
      "version": "9.1.7",
      "resolved": "https://registry.npmjs.org/node-osc/-/node-osc-9.1.7.tgz",
      "integrity": "sha512-7zKoV+125AfZuDVoEKvCzAoBfqIAewf6SyI7PguB9coU+Kye6nncjeKmb3lIQUeOJHec7Ym3IUG/wzy+iXgp6Q==",
      "license": "LGPL-3.0-or-later",
      "dependencies": {
        "osc-min": "^1.1.1"
      },
      "engines": {
        "node": "^18.17.0 || ^20.5.0 || >=22.0.0"
      }
    },
    "node_modules/osc-min": {
      "version": "1.1.2",
      "resolved": "https://registry.npmjs.org/osc-min/-/osc-min-1.1.2.tgz",
      "integrity": "sha512-8DbiO8ME85R75stgNVCZtHxB9MNBBNcyy+isNBXrsFeinXGjwNAauvKVmGlfRas5VJWC/mhzIx7spR2gFvWxvg==",
      "license": "Zlib",
      "dependencies": {
        "binpack": "~0"
      },
      "engines": {
        "node": ">=0.10.0"
      }
    }
  }
}
